
Microsoft Visual Studio Solution File, Format Version 12.00
# Visual Studio Version 17
VisualStudioVersion = 17.0.31903.59
MinimumVisualStudioVersion = 10.0.40219.1
Project("{2150E333-8FDC-42A3-9474-1A3956D46DE8}") = "src", "src", "{827E0CD3-B72D-47B6-A68D-7590B98EB39B}"
EndProject
Project("{FAE04EC0-301F-11D3-BF4B-00C04F79EFBC}") = "RedOps.Worker", "src\RedOps.Worker\RedOps.Worker.csproj", "{22DC1A27-F604-443B-9D85-349E6851B2C0}"
EndProject
Project("{FAE04EC0-301F-11D3-BF4B-00C04F79EFBC}") = "RedOps.Domain", "src\RedOps.Domain\RedOps.Domain.csproj", "{978AD613-F3D0-40E4-AD0D-14C6CA518237}"
EndProject
Project("{FAE04EC0-301F-11D3-BF4B-00C04F79EFBC}") = "RedOps.Application", "src\RedOps.Application\RedOps.Application.csproj", "{7CD0AFFA-4FF4-4C34-8ADE-F9DE95C82358}"
EndProject
Project("{FAE04EC0-301F-11D3-BF4B-00C04F79EFBC}") = "RedOps.Infrastructure", "src\RedOps.Infrastructure\RedOps.Infrastructure.csproj", "{69D7A13C-E49D-4C5F-953E-7652EDAE647F}"
EndProject
Project("{FAE04EC0-301F-11D3-BF4B-00C04F79EFBC}") = "RedOps.WebApi", "src\RedOps.WebApi\RedOps.WebApi.csproj", "{BA16634D-FDFF-40B0-B9DE-F33EC2DA9DBC}"
EndProject
Global
	GlobalSection(SolutionConfigurationPlatforms) = preSolution
		Debug|Any CPU = Debug|Any CPU
		Debug|x64 = Debug|x64
		Debug|x86 = Debug|x86
		Release|Any CPU = Release|Any CPU
		Release|x64 = Release|x64
		Release|x86 = Release|x86
	EndGlobalSection
	GlobalSection(ProjectConfigurationPlatforms) = postSolution
		{22DC1A27-F604-443B-9D85-349E6851B2C0}.Debug|Any CPU.ActiveCfg = Debug|Any CPU
		{22DC1A27-F604-443B-9D85-349E6851B2C0}.Debug|Any CPU.Build.0 = Debug|Any CPU
		{22DC1A27-F604-443B-9D85-349E6851B2C0}.Debug|x64.ActiveCfg = Debug|Any CPU
		{22DC1A27-F604-443B-9D85-349E6851B2C0}.Debug|x64.Build.0 = Debug|Any CPU
		{22DC1A27-F604-443B-9D85-349E6851B2C0}.Debug|x86.ActiveCfg = Debug|Any CPU
		{22DC1A27-F604-443B-9D85-349E6851B2C0}.Debug|x86.Build.0 = Debug|Any CPU
		{22DC1A27-F604-443B-9D85-349E6851B2C0}.Release|Any CPU.ActiveCfg = Release|Any CPU
		{22DC1A27-F604-443B-9D85-349E6851B2C0}.Release|Any CPU.Build.0 = Release|Any CPU
		{22DC1A27-F604-443B-9D85-349E6851B2C0}.Release|x64.ActiveCfg = Release|Any CPU
		{22DC1A27-F604-443B-9D85-349E6851B2C0}.Release|x64.Build.0 = Release|Any CPU
		{22DC1A27-F604-443B-9D85-349E6851B2C0}.Release|x86.ActiveCfg = Release|Any CPU
		{22DC1A27-F604-443B-9D85-349E6851B2C0}.Release|x86.Build.0 = Release|Any CPU
		{978AD613-F3D0-40E4-AD0D-14C6CA518237}.Debug|Any CPU.ActiveCfg = Debug|Any CPU
		{978AD613-F3D0-40E4-AD0D-14C6CA518237}.Debug|Any CPU.Build.0 = Debug|Any CPU
		{978AD613-F3D0-40E4-AD0D-14C6CA518237}.Debug|x64.ActiveCfg = Debug|Any CPU
		{978AD613-F3D0-40E4-AD0D-14C6CA518237}.Debug|x64.Build.0 = Debug|Any CPU
		{978AD613-F3D0-40E4-AD0D-14C6CA518237}.Debug|x86.ActiveCfg = Debug|Any CPU
		{978AD613-F3D0-40E4-AD0D-14C6CA518237}.Debug|x86.Build.0 = Debug|Any CPU
		{978AD613-F3D0-40E4-AD0D-14C6CA518237}.Release|Any CPU.ActiveCfg = Release|Any CPU
		{978AD613-F3D0-40E4-AD0D-14C6CA518237}.Release|Any CPU.Build.0 = Release|Any CPU
		{978AD613-F3D0-40E4-AD0D-14C6CA518237}.Release|x64.ActiveCfg = Release|Any CPU
		{978AD613-F3D0-40E4-AD0D-14C6CA518237}.Release|x64.Build.0 = Release|Any CPU
		{978AD613-F3D0-40E4-AD0D-14C6CA518237}.Release|x86.ActiveCfg = Release|Any CPU
		{978AD613-F3D0-40E4-AD0D-14C6CA518237}.Release|x86.Build.0 = Release|Any CPU
		{7CD0AFFA-4FF4-4C34-8ADE-F9DE95C82358}.Debug|Any CPU.ActiveCfg = Debug|Any CPU
		{7CD0AFFA-4FF4-4C34-8ADE-F9DE95C82358}.Debug|Any CPU.Build.0 = Debug|Any CPU
		{7CD0AFFA-4FF4-4C34-8ADE-F9DE95C82358}.Debug|x64.ActiveCfg = Debug|Any CPU
		{7CD0AFFA-4FF4-4C34-8ADE-F9DE95C82358}.Debug|x64.Build.0 = Debug|Any CPU
		{7CD0AFFA-4FF4-4C34-8ADE-F9DE95C82358}.Debug|x86.ActiveCfg = Debug|Any CPU
		{7CD0AFFA-4FF4-4C34-8ADE-F9DE95C82358}.Debug|x86.Build.0 = Debug|Any CPU
		{7CD0AFFA-4FF4-4C34-8ADE-F9DE95C82358}.Release|Any CPU.ActiveCfg = Release|Any CPU
		{7CD0AFFA-4FF4-4C34-8ADE-F9DE95C82358}.Release|Any CPU.Build.0 = Release|Any CPU
		{7CD0AFFA-4FF4-4C34-8ADE-F9DE95C82358}.Release|x64.ActiveCfg = Release|Any CPU
		{7CD0AFFA-4FF4-4C34-8ADE-F9DE95C82358}.Release|x64.Build.0 = Release|Any CPU
		{7CD0AFFA-4FF4-4C34-8ADE-F9DE95C82358}.Release|x86.ActiveCfg = Release|Any CPU
		{7CD0AFFA-4FF4-4C34-8ADE-F9DE95C82358}.Release|x86.Build.0 = Release|Any CPU
		{69D7A13C-E49D-4C5F-953E-7652EDAE647F}.Debug|Any CPU.ActiveCfg = Debug|Any CPU
		{69D7A13C-E49D-4C5F-953E-7652EDAE647F}.Debug|Any CPU.Build.0 = Debug|Any CPU
		{69D7A13C-E49D-4C5F-953E-7652EDAE647F}.Debug|x64.ActiveCfg = Debug|Any CPU
		{69D7A13C-E49D-4C5F-953E-7652EDAE647F}.Debug|x64.Build.0 = Debug|Any CPU
		{69D7A13C-E49D-4C5F-953E-7652EDAE647F}.Debug|x86.ActiveCfg = Debug|Any CPU
		{69D7A13C-E49D-4C5F-953E-7652EDAE647F}.Debug|x86.Build.0 = Debug|Any CPU
		{69D7A13C-E49D-4C5F-953E-7652EDAE647F}.Release|Any CPU.ActiveCfg = Release|Any CPU
		{69D7A13C-E49D-4C5F-953E-7652EDAE647F}.Release|Any CPU.Build.0 = Release|Any CPU
		{69D7A13C-E49D-4C5F-953E-7652EDAE647F}.Release|x64.ActiveCfg = Release|Any CPU
		{69D7A13C-E49D-4C5F-953E-7652EDAE647F}.Release|x64.Build.0 = Release|Any CPU
		{69D7A13C-E49D-4C5F-953E-7652EDAE647F}.Release|x86.ActiveCfg = Release|Any CPU
		{69D7A13C-E49D-4C5F-953E-7652EDAE647F}.Release|x86.Build.0 = Release|Any CPU
		{BA16634D-FDFF-40B0-B9DE-F33EC2DA9DBC}.Debug|Any CPU.ActiveCfg = Debug|Any CPU
		{BA16634D-FDFF-40B0-B9DE-F33EC2DA9DBC}.Debug|Any CPU.Build.0 = Debug|Any CPU
		{BA16634D-FDFF-40B0-B9DE-F33EC2DA9DBC}.Debug|x64.ActiveCfg = Debug|Any CPU
		{BA16634D-FDFF-40B0-B9DE-F33EC2DA9DBC}.Debug|x64.Build.0 = Debug|Any CPU
		{BA16634D-FDFF-40B0-B9DE-F33EC2DA9DBC}.Debug|x86.ActiveCfg = Debug|Any CPU
		{BA16634D-FDFF-40B0-B9DE-F33EC2DA9DBC}.Debug|x86.Build.0 = Debug|Any CPU
		{BA16634D-FDFF-40B0-B9DE-F33EC2DA9DBC}.Release|Any CPU.ActiveCfg = Release|Any CPU
		{BA16634D-FDFF-40B0-B9DE-F33EC2DA9DBC}.Release|Any CPU.Build.0 = Release|Any CPU
		{BA16634D-FDFF-40B0-B9DE-F33EC2DA9DBC}.Release|x64.ActiveCfg = Release|Any CPU
		{BA16634D-FDFF-40B0-B9DE-F33EC2DA9DBC}.Release|x64.Build.0 = Release|Any CPU
		{BA16634D-FDFF-40B0-B9DE-F33EC2DA9DBC}.Release|x86.ActiveCfg = Release|Any CPU
		{BA16634D-FDFF-40B0-B9DE-F33EC2DA9DBC}.Release|x86.Build.0 = Release|Any CPU
	EndGlobalSection
	GlobalSection(SolutionProperties) = preSolution
		HideSolutionNode = FALSE
	EndGlobalSection
	GlobalSection(NestedProjects) = preSolution
		{22DC1A27-F604-443B-9D85-349E6851B2C0} = {827E0CD3-B72D-47B6-A68D-7590B98EB39B}
		{978AD613-F3D0-40E4-AD0D-14C6CA518237} = {827E0CD3-B72D-47B6-A68D-7590B98EB39B}
		{7CD0AFFA-4FF4-4C34-8ADE-F9DE95C82358} = {827E0CD3-B72D-47B6-A68D-7590B98EB39B}
		{69D7A13C-E49D-4C5F-953E-7652EDAE647F} = {827E0CD3-B72D-47B6-A68D-7590B98EB39B}
		{BA16634D-FDFF-40B0-B9DE-F33EC2DA9DBC} = {827E0CD3-B72D-47B6-A68D-7590B98EB39B}
	EndGlobalSection
EndGlobal
