
Microsoft Visual Studio Solution File, Format Version 12.00
# Visual Studio Version 17
VisualStudioVersion = 17.0.31903.59
MinimumVisualStudioVersion = 10.0.40219.1
Project("{FAE04EC0-301F-11D3-BF4B-00C04F79EFBC}") = "RedOps.Core", "src\RedOps.Core.csproj", "{BD172DA4-CDA3-4934-9825-3E2801E743E2}"
EndProject
Project("{2150E333-8FDC-42A3-9474-1A3956D46DE8}") = "Solution Files", "Solution Files", "{4701EDF0-0F53-453D-833E-925ACDCD0479}"
	ProjectSection(SolutionItems) = preProject
		README.md = README.md
		.gitignore = .gitignore
		Directory.Build.props = Directory.Build.props
		Directory.Packages.props = Directory.Packages.props
		global.json = global.json
		nuget.config = nuget.config
		publish.yaml = publish.yaml
	EndProjectSection
EndProject
Project("{FAE04EC0-301F-11D3-BF4B-00C04F79EFBC}") = "RedOps.UnitTests", "tests\RedOps.UnitTests\RedOps.UnitTests.csproj", "{8CAE6E05-DD6A-4056-BBC3-A3F2EA2CE4E7}"
EndProject
Global
	GlobalSection(SolutionConfigurationPlatforms) = preSolution
		Debug|Any CPU = Debug|Any CPU
		Release|Any CPU = Release|Any CPU
	EndGlobalSection
	GlobalSection(SolutionProperties) = preSolution
		HideSolutionNode = FALSE
	EndGlobalSection
	GlobalSection(ProjectConfigurationPlatforms) = postSolution
		{BD172DA4-CDA3-4934-9825-3E2801E743E2}.Debug|Any CPU.ActiveCfg = Debug|Any CPU
		{BD172DA4-CDA3-4934-9825-3E2801E743E2}.Debug|Any CPU.Build.0 = Debug|Any CPU
		{BD172DA4-CDA3-4934-9825-3E2801E743E2}.Release|Any CPU.ActiveCfg = Release|Any CPU
		{BD172DA4-CDA3-4934-9825-3E2801E743E2}.Release|Any CPU.Build.0 = Release|Any CPU
		{8CAE6E05-DD6A-4056-BBC3-A3F2EA2CE4E7}.Debug|Any CPU.ActiveCfg = Debug|Any CPU
		{8CAE6E05-DD6A-4056-BBC3-A3F2EA2CE4E7}.Debug|Any CPU.Build.0 = Debug|Any CPU
		{8CAE6E05-DD6A-4056-BBC3-A3F2EA2CE4E7}.Release|Any CPU.ActiveCfg = Release|Any CPU
		{8CAE6E05-DD6A-4056-BBC3-A3F2EA2CE4E7}.Release|Any CPU.Build.0 = Release|Any CPU
	EndGlobalSection
EndGlobal
